
Microsoft Visual Studio Solution File, Format Version 12.00
# Visual Studio Version 17
VisualStudioVersion = 17.0.31903.59
MinimumVisualStudioVersion = 10.0.40219.1
Project("{FAE04EC0-301F-11D3-BF4B-00C04F79EFBC}") = "Distill.Analysis.Sarif", "src\Distill.Analysis.Sarif\Distill.Analysis.Sarif.csproj", "{A1E3D8B3-6B8B-4A5F-A4C5-7E4E4B9F0001}"
EndProject
Project("{FAE04EC0-301F-11D3-BF4B-00C04F79EFBC}") = "Distill.Build.MSBuild", "src\Distill.Build.MSBuild\Distill.Build.MSBuild.csproj", "{A1E3D8B3-6B8B-4A5F-A4C5-7E4E4B9F0002}"
EndProject
Project("{FAE04EC0-301F-11D3-BF4B-00C04F79EFBC}") = "Distill.Cli", "src\Distill.Cli\Distill.Cli.csproj", "{A1E3D8B3-6B8B-4A5F-A4C5-7E4E4B9F0003}"
EndProject
Project("{FAE04EC0-301F-11D3-BF4B-00C04F79EFBC}") = "Distill.Core", "src\Distill.Core\Distill.Core.csproj", "{A1E3D8B3-6B8B-4A5F-A4C5-7E4E4B9F0004}"
EndProject
Project("{FAE04EC0-301F-11D3-BF4B-00C04F79EFBC}") = "Distill.Git", "src\Distill.Git\Distill.Git.csproj", "{A1E3D8B3-6B8B-4A5F-A4C5-7E4E4B9F0005}"
EndProject
Project("{FAE04EC0-301F-11D3-BF4B-00C04F79EFBC}") = "Distill.Reporting", "src\Distill.Reporting\Distill.Reporting.csproj", "{A1E3D8B3-6B8B-4A5F-A4C5-7E4E4B9F0006}"
EndProject
Project("{FAE04EC0-301F-11D3-BF4B-00C04F79EFBC}") = "Distill.Runner", "src\Distill.Runner\Distill.Runner.csproj", "{A1E3D8B3-6B8B-4A5F-A4C5-7E4E4B9F0007}"
EndProject
Project("{FAE04EC0-301F-11D3-BF4B-00C04F79EFBC}") = "Distill.Testing.Abstractions", "src\Distill.Testing.Abstractions\Distill.Testing.Abstractions.csproj", "{A1E3D8B3-6B8B-4A5F-A4C5-7E4E4B9F0008}"
EndProject
Project("{FAE04EC0-301F-11D3-BF4B-00C04F79EFBC}") = "Distill.Testing.MTP", "src\Distill.Testing.MTP\Distill.Testing.MTP.csproj", "{A1E3D8B3-6B8B-4A5F-A4C5-7E4E4B9F0009}"
EndProject
Project("{FAE04EC0-301F-11D3-BF4B-00C04F79EFBC}") = "Distill.Testing.VSTest", "src\Distill.Testing.VSTest\Distill.Testing.VSTest.csproj", "{A1E3D8B3-6B8B-4A5F-A4C5-7E4E4B9F0010}"
EndProject
Project("{FAE04EC0-301F-11D3-BF4B-00C04F79EFBC}") = "Distill.TestLogger", "src\Distill.TestLogger\Distill.TestLogger.csproj", "{A1E3D8B3-6B8B-4A5F-A4C5-7E4E4B9F0011}"
EndProject
Project("{FAE04EC0-301F-11D3-BF4B-00C04F79EFBC}") = "Distill.Tests", "tests\Distill.Tests\Distill.Tests.csproj", "{A1E3D8B3-6B8B-4A5F-A4C5-7E4E4B9F0012}"
EndProject
Project("{FAE04EC0-301F-11D3-BF4B-00C04F79EFBC}") = "Distill.Execution", "src\Distill.Execution\Distill.Execution.csproj", "{A1E3D8B3-6B8B-4A5F-A4C5-7E4E4B9F0013}"
EndProject
Project("{2150E333-8FDC-42A3-9474-1A3956D46DE8}") = "src", "src", "{827E0CD3-B72D-47B6-A68D-7590B98EB39B}"
EndProject
Project("{FAE04EC0-301F-11D3-BF4B-00C04F79EFBC}") = "Distill.Cli.Host", "src\Distill.Cli.Host\Distill.Cli.Host.csproj", "{8390FA4F-0D3E-4713-8C0E-A730F45EA903}"
EndProject
Project("{FAE04EC0-301F-11D3-BF4B-00C04F79EFBC}") = "Distill.Mcp", "src\Distill.Mcp\Distill.Mcp.csproj", "{A1E3D8B3-6B8B-4A5F-A4C5-7E4E4B9F0014}"
EndProject
Global
	GlobalSection(SolutionConfigurationPlatforms) = preSolution
		Debug|Any CPU = Debug|Any CPU
		Debug|x64 = Debug|x64
		Debug|x86 = Debug|x86
		Release|Any CPU = Release|Any CPU
		Release|x64 = Release|x64
		Release|x86 = Release|x86
	EndGlobalSection
	GlobalSection(ProjectConfigurationPlatforms) = postSolution
		{A1E3D8B3-6B8B-4A5F-A4C5-7E4E4B9F0001}.Debug|Any CPU.ActiveCfg = Debug|Any CPU
		{A1E3D8B3-6B8B-4A5F-A4C5-7E4E4B9F0001}.Debug|Any CPU.Build.0 = Debug|Any CPU
		{A1E3D8B3-6B8B-4A5F-A4C5-7E4E4B9F0001}.Debug|x64.ActiveCfg = Debug|Any CPU
		{A1E3D8B3-6B8B-4A5F-A4C5-7E4E4B9F0001}.Debug|x64.Build.0 = Debug|Any CPU
		{A1E3D8B3-6B8B-4A5F-A4C5-7E4E4B9F0001}.Debug|x86.ActiveCfg = Debug|Any CPU
		{A1E3D8B3-6B8B-4A5F-A4C5-7E4E4B9F0001}.Debug|x86.Build.0 = Debug|Any CPU
		{A1E3D8B3-6B8B-4A5F-A4C5-7E4E4B9F0001}.Release|Any CPU.ActiveCfg = Release|Any CPU
		{A1E3D8B3-6B8B-4A5F-A4C5-7E4E4B9F0001}.Release|Any CPU.Build.0 = Release|Any CPU
		{A1E3D8B3-6B8B-4A5F-A4C5-7E4E4B9F0001}.Release|x64.ActiveCfg = Release|Any CPU
		{A1E3D8B3-6B8B-4A5F-A4C5-7E4E4B9F0001}.Release|x64.Build.0 = Release|Any CPU
		{A1E3D8B3-6B8B-4A5F-A4C5-7E4E4B9F0001}.Release|x86.ActiveCfg = Release|Any CPU
		{A1E3D8B3-6B8B-4A5F-A4C5-7E4E4B9F0001}.Release|x86.Build.0 = Release|Any CPU
		{A1E3D8B3-6B8B-4A5F-A4C5-7E4E4B9F0002}.Debug|Any CPU.ActiveCfg = Debug|Any CPU
		{A1E3D8B3-6B8B-4A5F-A4C5-7E4E4B9F0002}.Debug|Any CPU.Build.0 = Debug|Any CPU
		{A1E3D8B3-6B8B-4A5F-A4C5-7E4E4B9F0002}.Debug|x64.ActiveCfg = Debug|Any CPU
		{A1E3D8B3-6B8B-4A5F-A4C5-7E4E4B9F0002}.Debug|x64.Build.0 = Debug|Any CPU
		{A1E3D8B3-6B8B-4A5F-A4C5-7E4E4B9F0002}.Debug|x86.ActiveCfg = Debug|Any CPU
		{A1E3D8B3-6B8B-4A5F-A4C5-7E4E4B9F0002}.Debug|x86.Build.0 = Debug|Any CPU
		{A1E3D8B3-6B8B-4A5F-A4C5-7E4E4B9F0002}.Release|Any CPU.ActiveCfg = Release|Any CPU
		{A1E3D8B3-6B8B-4A5F-A4C5-7E4E4B9F0002}.Release|Any CPU.Build.0 = Release|Any CPU
		{A1E3D8B3-6B8B-4A5F-A4C5-7E4E4B9F0002}.Release|x64.ActiveCfg = Release|Any CPU
		{A1E3D8B3-6B8B-4A5F-A4C5-7E4E4B9F0002}.Release|x64.Build.0 = Release|Any CPU
		{A1E3D8B3-6B8B-4A5F-A4C5-7E4E4B9F0002}.Release|x86.ActiveCfg = Release|Any CPU
		{A1E3D8B3-6B8B-4A5F-A4C5-7E4E4B9F0002}.Release|x86.Build.0 = Release|Any CPU
		{A1E3D8B3-6B8B-4A5F-A4C5-7E4E4B9F0003}.Debug|Any CPU.ActiveCfg = Debug|Any CPU
		{A1E3D8B3-6B8B-4A5F-A4C5-7E4E4B9F0003}.Debug|Any CPU.Build.0 = Debug|Any CPU
		{A1E3D8B3-6B8B-4A5F-A4C5-7E4E4B9F0003}.Debug|x64.ActiveCfg = Debug|Any CPU
		{A1E3D8B3-6B8B-4A5F-A4C5-7E4E4B9F0003}.Debug|x64.Build.0 = Debug|Any CPU
		{A1E3D8B3-6B8B-4A5F-A4C5-7E4E4B9F0003}.Debug|x86.ActiveCfg = Debug|Any CPU
		{A1E3D8B3-6B8B-4A5F-A4C5-7E4E4B9F0003}.Debug|x86.Build.0 = Debug|Any CPU
		{A1E3D8B3-6B8B-4A5F-A4C5-7E4E4B9F0003}.Release|Any CPU.ActiveCfg = Release|Any CPU
		{A1E3D8B3-6B8B-4A5F-A4C5-7E4E4B9F0003}.Release|Any CPU.Build.0 = Release|Any CPU
		{A1E3D8B3-6B8B-4A5F-A4C5-7E4E4B9F0003}.Release|x64.ActiveCfg = Release|Any CPU
		{A1E3D8B3-6B8B-4A5F-A4C5-7E4E4B9F0003}.Release|x64.Build.0 = Release|Any CPU
		{A1E3D8B3-6B8B-4A5F-A4C5-7E4E4B9F0003}.Release|x86.ActiveCfg = Release|Any CPU
		{A1E3D8B3-6B8B-4A5F-A4C5-7E4E4B9F0003}.Release|x86.Build.0 = Release|Any CPU
		{A1E3D8B3-6B8B-4A5F-A4C5-7E4E4B9F0004}.Debug|Any CPU.ActiveCfg = Debug|Any CPU
		{A1E3D8B3-6B8B-4A5F-A4C5-7E4E4B9F0004}.Debug|Any CPU.Build.0 = Debug|Any CPU
		{A1E3D8B3-6B8B-4A5F-A4C5-7E4E4B9F0004}.Debug|x64.ActiveCfg = Debug|Any CPU
		{A1E3D8B3-6B8B-4A5F-A4C5-7E4E4B9F0004}.Debug|x64.Build.0 = Debug|Any CPU
		{A1E3D8B3-6B8B-4A5F-A4C5-7E4E4B9F0004}.Debug|x86.ActiveCfg = Debug|Any CPU
		{A1E3D8B3-6B8B-4A5F-A4C5-7E4E4B9F0004}.Debug|x86.Build.0 = Debug|Any CPU
		{A1E3D8B3-6B8B-4A5F-A4C5-7E4E4B9F0004}.Release|x64.ActiveCfg = Release|Any CPU
		{A1E3D8B3-6B8B-4A5F-A4C5-7E4E4B9F0004}.Release|x64.Build.0 = Release|Any CPU
		{A1E3D8B3-6B8B-4A5F-A4C5-7E4E4B9F0004}.Release|x86.ActiveCfg = Release|Any CPU
		{A1E3D8B3-6B8B-4A5F-A4C5-7E4E4B9F0004}.Release|x86.Build.0 = Release|Any CPU
		{A1E3D8B3-6B8B-4A5F-A4C5-7E4E4B9F0005}.Debug|Any CPU.ActiveCfg = Debug|Any CPU
		{A1E3D8B3-6B8B-4A5F-A4C5-7E4E4B9F0005}.Debug|Any CPU.Build.0 = Debug|Any CPU
		{A1E3D8B3-6B8B-4A5F-A4C5-7E4E4B9F0005}.Debug|x64.ActiveCfg = Debug|Any CPU
		{A1E3D8B3-6B8B-4A5F-A4C5-7E4E4B9F0005}.Debug|x64.Build.0 = Debug|Any CPU
		{A1E3D8B3-6B8B-4A5F-A4C5-7E4E4B9F0005}.Debug|x86.ActiveCfg = Debug|Any CPU
		{A1E3D8B3-6B8B-4A5F-A4C5-7E4E4B9F0005}.Debug|x86.Build.0 = Debug|Any CPU
		{A1E3D8B3-6B8B-4A5F-A4C5-7E4E4B9F0005}.Release|x64.ActiveCfg = Release|Any CPU
		{A1E3D8B3-6B8B-4A5F-A4C5-7E4E4B9F0005}.Release|x64.Build.0 = Release|Any CPU
		{A1E3D8B3-6B8B-4A5F-A4C5-7E4E4B9F0005}.Release|x86.ActiveCfg = Release|Any CPU
		{A1E3D8B3-6B8B-4A5F-A4C5-7E4E4B9F0005}.Release|x86.Build.0 = Release|Any CPU
		{A1E3D8B3-6B8B-4A5F-A4C5-7E4E4B9F0006}.Debug|Any CPU.ActiveCfg = Debug|Any CPU
		{A1E3D8B3-6B8B-4A5F-A4C5-7E4E4B9F0006}.Debug|Any CPU.Build.0 = Debug|Any CPU
		{A1E3D8B3-6B8B-4A5F-A4C5-7E4E4B9F0006}.Debug|x64.ActiveCfg = Debug|Any CPU
		{A1E3D8B3-6B8B-4A5F-A4C5-7E4E4B9F0006}.Debug|x64.Build.0 = Debug|Any CPU
		{A1E3D8B3-6B8B-4A5F-A4C5-7E4E4B9F0006}.Debug|x86.ActiveCfg = Debug|Any CPU
		{A1E3D8B3-6B8B-4A5F-A4C5-7E4E4B9F0006}.Debug|x86.Build.0 = Debug|Any CPU
		{A1E3D8B3-6B8B-4A5F-A4C5-7E4E4B9F0006}.Release|x64.ActiveCfg = Release|Any CPU
		{A1E3D8B3-6B8B-4A5F-A4C5-7E4E4B9F0006}.Release|x64.Build.0 = Release|Any CPU
		{A1E3D8B3-6B8B-4A5F-A4C5-7E4E4B9F0006}.Release|x86.ActiveCfg = Release|Any CPU
		{A1E3D8B3-6B8B-4A5F-A4C5-7E4E4B9F0006}.Release|x86.Build.0 = Release|Any CPU
		{A1E3D8B3-6B8B-4A5F-A4C5-7E4E4B9F0007}.Debug|Any CPU.ActiveCfg = Debug|Any CPU
		{A1E3D8B3-6B8B-4A5F-A4C5-7E4E4B9F0007}.Debug|Any CPU.Build.0 = Debug|Any CPU
		{A1E3D8B3-6B8B-4A5F-A4C5-7E4E4B9F0007}.Debug|x64.ActiveCfg = Debug|Any CPU
		{A1E3D8B3-6B8B-4A5F-A4C5-7E4E4B9F0007}.Debug|x64.Build.0 = Debug|Any CPU
		{A1E3D8B3-6B8B-4A5F-A4C5-7E4E4B9F0007}.Debug|x86.ActiveCfg = Debug|Any CPU
		{A1E3D8B3-6B8B-4A5F-A4C5-7E4E4B9F0007}.Debug|x86.Build.0 = Debug|Any CPU
		{A1E3D8B3-6B8B-4A5F-A4C5-7E4E4B9F0007}.Release|x64.ActiveCfg = Release|Any CPU
		{A1E3D8B3-6B8B-4A5F-A4C5-7E4E4B9F0007}.Release|x64.Build.0 = Release|Any CPU
		{A1E3D8B3-6B8B-4A5F-A4C5-7E4E4B9F0007}.Release|x86.ActiveCfg = Release|Any CPU
		{A1E3D8B3-6B8B-4A5F-A4C5-7E4E4B9F0007}.Release|x86.Build.0 = Release|Any CPU
		{A1E3D8B3-6B8B-4A5F-A4C5-7E4E4B9F0008}.Debug|Any CPU.ActiveCfg = Debug|Any CPU
		{A1E3D8B3-6B8B-4A5F-A4C5-7E4E4B9F0008}.Debug|Any CPU.Build.0 = Debug|Any CPU
		{A1E3D8B3-6B8B-4A5F-A4C5-7E4E4B9F0008}.Debug|x64.ActiveCfg = Debug|Any CPU
		{A1E3D8B3-6B8B-4A5F-A4C5-7E4E4B9F0008}.Debug|x64.Build.0 = Debug|Any CPU
		{A1E3D8B3-6B8B-4A5F-A4C5-7E4E4B9F0008}.Debug|x86.ActiveCfg = Debug|Any CPU
		{A1E3D8B3-6B8B-4A5F-A4C5-7E4E4B9F0008}.Debug|x86.Build.0 = Debug|Any CPU
		{A1E3D8B3-6B8B-4A5F-A4C5-7E4E4B9F0008}.Release|x64.ActiveCfg = Release|Any CPU
		{A1E3D8B3-6B8B-4A5F-A4C5-7E4E4B9F0008}.Release|x64.Build.0 = Release|Any CPU
		{A1E3D8B3-6B8B-4A5F-A4C5-7E4E4B9F0008}.Release|x86.ActiveCfg = Release|Any CPU
		{A1E3D8B3-6B8B-4A5F-A4C5-7E4E4B9F0008}.Release|x86.Build.0 = Release|Any CPU
		{A1E3D8B3-6B8B-4A5F-A4C5-7E4E4B9F0009}.Debug|Any CPU.ActiveCfg = Debug|Any CPU
		{A1E3D8B3-6B8B-4A5F-A4C5-7E4E4B9F0009}.Debug|Any CPU.Build.0 = Debug|Any CPU
		{A1E3D8B3-6B8B-4A5F-A4C5-7E4E4B9F0009}.Debug|x64.ActiveCfg = Debug|Any CPU
		{A1E3D8B3-6B8B-4A5F-A4C5-7E4E4B9F0009}.Debug|x64.Build.0 = Debug|Any CPU
		{A1E3D8B3-6B8B-4A5F-A4C5-7E4E4B9F0009}.Debug|x86.ActiveCfg = Debug|Any CPU
		{A1E3D8B3-6B8B-4A5F-A4C5-7E4E4B9F0009}.Debug|x86.Build.0 = Debug|Any CPU
		{A1E3D8B3-6B8B-4A5F-A4C5-7E4E4B9F0009}.Release|x64.ActiveCfg = Release|Any CPU
		{A1E3D8B3-6B8B-4A5F-A4C5-7E4E4B9F0009}.Release|x64.Build.0 = Release|Any CPU
		{A1E3D8B3-6B8B-4A5F-A4C5-7E4E4B9F0009}.Release|x86.ActiveCfg = Release|Any CPU
		{A1E3D8B3-6B8B-4A5F-A4C5-7E4E4B9F0009}.Release|x86.Build.0 = Release|Any CPU
		{A1E3D8B3-6B8B-4A5F-A4C5-7E4E4B9F0010}.Debug|Any CPU.ActiveCfg = Debug|Any CPU
		{A1E3D8B3-6B8B-4A5F-A4C5-7E4E4B9F0010}.Debug|Any CPU.Build.0 = Debug|Any CPU
		{A1E3D8B3-6B8B-4A5F-A4C5-7E4E4B9F0010}.Debug|x64.ActiveCfg = Debug|Any CPU
		{A1E3D8B3-6B8B-4A5F-A4C5-7E4E4B9F0010}.Debug|x64.Build.0 = Debug|Any CPU
		{A1E3D8B3-6B8B-4A5F-A4C5-7E4E4B9F0010}.Debug|x86.ActiveCfg = Debug|Any CPU
		{A1E3D8B3-6B8B-4A5F-A4C5-7E4E4B9F0010}.Debug|x86.Build.0 = Debug|Any CPU
		{A1E3D8B3-6B8B-4A5F-A4C5-7E4E4B9F0010}.Release|x64.ActiveCfg = Release|Any CPU
		{A1E3D8B3-6B8B-4A5F-A4C5-7E4E4B9F0010}.Release|x64.Build.0 = Release|Any CPU
		{A1E3D8B3-6B8B-4A5F-A4C5-7E4E4B9F0010}.Release|x86.ActiveCfg = Release|Any CPU
		{A1E3D8B3-6B8B-4A5F-A4C5-7E4E4B9F0010}.Release|x86.Build.0 = Release|Any CPU
		{A1E3D8B3-6B8B-4A5F-A4C5-7E4E4B9F0011}.Debug|Any CPU.ActiveCfg = Debug|Any CPU
		{A1E3D8B3-6B8B-4A5F-A4C5-7E4E4B9F0011}.Debug|Any CPU.Build.0 = Debug|Any CPU
		{A1E3D8B3-6B8B-4A5F-A4C5-7E4E4B9F0011}.Debug|x64.ActiveCfg = Debug|Any CPU
		{A1E3D8B3-6B8B-4A5F-A4C5-7E4E4B9F0011}.Debug|x64.Build.0 = Debug|Any CPU
		{A1E3D8B3-6B8B-4A5F-A4C5-7E4E4B9F0011}.Debug|x86.ActiveCfg = Debug|Any CPU
		{A1E3D8B3-6B8B-4A5F-A4C5-7E4E4B9F0011}.Debug|x86.Build.0 = Debug|Any CPU
		{A1E3D8B3-6B8B-4A5F-A4C5-7E4E4B9F0011}.Release|x64.ActiveCfg = Release|Any CPU
		{A1E3D8B3-6B8B-4A5F-A4C5-7E4E4B9F0011}.Release|x64.Build.0 = Release|Any CPU
		{A1E3D8B3-6B8B-4A5F-A4C5-7E4E4B9F0011}.Release|x86.ActiveCfg = Release|Any CPU
		{A1E3D8B3-6B8B-4A5F-A4C5-7E4E4B9F0011}.Release|x86.Build.0 = Release|Any CPU
		{A1E3D8B3-6B8B-4A5F-A4C5-7E4E4B9F0012}.Debug|Any CPU.ActiveCfg = Debug|Any CPU
		{A1E3D8B3-6B8B-4A5F-A4C5-7E4E4B9F0012}.Debug|Any CPU.Build.0 = Debug|Any CPU
		{A1E3D8B3-6B8B-4A5F-A4C5-7E4E4B9F0012}.Debug|x64.ActiveCfg = Debug|Any CPU
		{A1E3D8B3-6B8B-4A5F-A4C5-7E4E4B9F0012}.Debug|x64.Build.0 = Debug|Any CPU
		{A1E3D8B3-6B8B-4A5F-A4C5-7E4E4B9F0012}.Debug|x86.ActiveCfg = Debug|Any CPU
		{A1E3D8B3-6B8B-4A5F-A4C5-7E4E4B9F0012}.Debug|x86.Build.0 = Debug|Any CPU
		{A1E3D8B3-6B8B-4A5F-A4C5-7E4E4B9F0012}.Release|Any CPU.ActiveCfg = Release|Any CPU
		{A1E3D8B3-6B8B-4A5F-A4C5-7E4E4B9F0012}.Release|Any CPU.Build.0 = Release|Any CPU
		{A1E3D8B3-6B8B-4A5F-A4C5-7E4E4B9F0012}.Release|x64.ActiveCfg = Release|Any CPU
		{A1E3D8B3-6B8B-4A5F-A4C5-7E4E4B9F0012}.Release|x64.Build.0 = Release|Any CPU
		{A1E3D8B3-6B8B-4A5F-A4C5-7E4E4B9F0012}.Release|x86.ActiveCfg = Release|Any CPU
		{A1E3D8B3-6B8B-4A5F-A4C5-7E4E4B9F0012}.Release|x86.Build.0 = Release|Any CPU
		{A1E3D8B3-6B8B-4A5F-A4C5-7E4E4B9F0013}.Debug|Any CPU.ActiveCfg = Debug|Any CPU
		{A1E3D8B3-6B8B-4A5F-A4C5-7E4E4B9F0013}.Debug|Any CPU.Build.0 = Debug|Any CPU
		{A1E3D8B3-6B8B-4A5F-A4C5-7E4E4B9F0013}.Debug|x64.ActiveCfg = Debug|Any CPU
		{A1E3D8B3-6B8B-4A5F-A4C5-7E4E4B9F0013}.Debug|x64.Build.0 = Debug|Any CPU
		{A1E3D8B3-6B8B-4A5F-A4C5-7E4E4B9F0013}.Debug|x86.ActiveCfg = Debug|Any CPU
		{A1E3D8B3-6B8B-4A5F-A4C5-7E4E4B9F0013}.Debug|x86.Build.0 = Debug|Any CPU
		{A1E3D8B3-6B8B-4A5F-A4C5-7E4E4B9F0013}.Release|Any CPU.ActiveCfg = Release|Any CPU
		{A1E3D8B3-6B8B-4A5F-A4C5-7E4E4B9F0013}.Release|Any CPU.Build.0 = Release|Any CPU
		{A1E3D8B3-6B8B-4A5F-A4C5-7E4E4B9F0013}.Release|x64.ActiveCfg = Release|Any CPU
		{A1E3D8B3-6B8B-4A5F-A4C5-7E4E4B9F0013}.Release|x64.Build.0 = Release|Any CPU
		{A1E3D8B3-6B8B-4A5F-A4C5-7E4E4B9F0013}.Release|x86.ActiveCfg = Release|Any CPU
		{A1E3D8B3-6B8B-4A5F-A4C5-7E4E4B9F0013}.Release|x86.Build.0 = Release|Any CPU
		{8390FA4F-0D3E-4713-8C0E-A730F45EA903}.Debug|Any CPU.ActiveCfg = Debug|Any CPU
		{8390FA4F-0D3E-4713-8C0E-A730F45EA903}.Debug|Any CPU.Build.0 = Debug|Any CPU
		{8390FA4F-0D3E-4713-8C0E-A730F45EA903}.Debug|x64.ActiveCfg = Debug|Any CPU
		{8390FA4F-0D3E-4713-8C0E-A730F45EA903}.Debug|x64.Build.0 = Debug|Any CPU
		{8390FA4F-0D3E-4713-8C0E-A730F45EA903}.Debug|x86.ActiveCfg = Debug|Any CPU
		{8390FA4F-0D3E-4713-8C0E-A730F45EA903}.Debug|x86.Build.0 = Debug|Any CPU
		{8390FA4F-0D3E-4713-8C0E-A730F45EA903}.Release|Any CPU.ActiveCfg = Release|Any CPU
		{8390FA4F-0D3E-4713-8C0E-A730F45EA903}.Release|Any CPU.Build.0 = Release|Any CPU
		{8390FA4F-0D3E-4713-8C0E-A730F45EA903}.Release|x64.ActiveCfg = Release|Any CPU
		{8390FA4F-0D3E-4713-8C0E-A730F45EA903}.Release|x64.Build.0 = Release|Any CPU
		{8390FA4F-0D3E-4713-8C0E-A730F45EA903}.Release|x86.ActiveCfg = Release|Any CPU
		{8390FA4F-0D3E-4713-8C0E-A730F45EA903}.Release|x86.Build.0 = Release|Any CPU
		{A1E3D8B3-6B8B-4A5F-A4C5-7E4E4B9F0014}.Debug|Any CPU.ActiveCfg = Debug|Any CPU
		{A1E3D8B3-6B8B-4A5F-A4C5-7E4E4B9F0014}.Debug|Any CPU.Build.0 = Debug|Any CPU
		{A1E3D8B3-6B8B-4A5F-A4C5-7E4E4B9F0014}.Debug|x64.ActiveCfg = Debug|Any CPU
		{A1E3D8B3-6B8B-4A5F-A4C5-7E4E4B9F0014}.Debug|x64.Build.0 = Debug|Any CPU
		{A1E3D8B3-6B8B-4A5F-A4C5-7E4E4B9F0014}.Debug|x86.ActiveCfg = Debug|Any CPU
		{A1E3D8B3-6B8B-4A5F-A4C5-7E4E4B9F0014}.Debug|x86.Build.0 = Debug|Any CPU
		{A1E3D8B3-6B8B-4A5F-A4C5-7E4E4B9F0014}.Release|Any CPU.ActiveCfg = Release|Any CPU
		{A1E3D8B3-6B8B-4A5F-A4C5-7E4E4B9F0014}.Release|Any CPU.Build.0 = Release|Any CPU
		{A1E3D8B3-6B8B-4A5F-A4C5-7E4E4B9F0014}.Release|x64.ActiveCfg = Release|Any CPU
		{A1E3D8B3-6B8B-4A5F-A4C5-7E4E4B9F0014}.Release|x64.Build.0 = Release|Any CPU
		{A1E3D8B3-6B8B-4A5F-A4C5-7E4E4B9F0014}.Release|x86.ActiveCfg = Release|Any CPU
		{A1E3D8B3-6B8B-4A5F-A4C5-7E4E4B9F0014}.Release|x86.Build.0 = Release|Any CPU
	EndGlobalSection
	GlobalSection(SolutionProperties) = preSolution
		HideSolutionNode = FALSE
	EndGlobalSection
	GlobalSection(NestedProjects) = preSolution
		{8390FA4F-0D3E-4713-8C0E-A730F45EA903} = {827E0CD3-B72D-47B6-A68D-7590B98EB39B}
		{A1E3D8B3-6B8B-4A5F-A4C5-7E4E4B9F0014} = {827E0CD3-B72D-47B6-A68D-7590B98EB39B}
	EndGlobalSection
EndGlobal
